
Microsoft Visual Studio Solution File, Format Version 12.00
# Visual Studio Version 17
VisualStudioVersion = 17.5.002.0
MinimumVisualStudioVersion = 10.0.40219.1
Project("{9A19103F-16F7-4668-BE54-9A1E7A4F7556}") = "KmpShopBackend", "KmpShopBackend.csproj", "{0A4E3243-C885-45BB-BDAD-33810EA1FF2A}"
EndProject
Global
	GlobalSection(SolutionConfigurationPlatforms) = preSolution
		Debug|Any CPU = Debug|Any CPU
		Release|Any CPU = Release|Any CPU
	EndGlobalSection
	GlobalSection(ProjectConfigurationPlatforms) = postSolution
		{0A4E3243-C885-45BB-BDAD-33810EA1FF2A}.Debug|Any CPU.ActiveCfg = Debug|Any CPU
		{0A4E3243-C885-45BB-BDAD-33810EA1FF2A}.Debug|Any CPU.Build.0 = Debug|Any CPU
		{0A4E3243-C885-45BB-BDAD-33810EA1FF2A}.Release|Any CPU.ActiveCfg = Release|Any CPU
		{0A4E3243-C885-45BB-BDAD-33810EA1FF2A}.Release|Any CPU.Build.0 = Release|Any CPU
	EndGlobalSection
	GlobalSection(SolutionProperties) = preSolution
		HideSolutionNode = FALSE
	EndGlobalSection
	GlobalSection(ExtensibilityGlobals) = postSolution
		SolutionGuid = {02031BBD-1F27-4C01-B77F-036B766A777F}
	EndGlobalSection
EndGlobal
